
Microsoft Visual Studio Solution File, Format Version 12.00
# Visual Studio Version 17
VisualStudioVersion = 17.10.35027.167
MinimumVisualStudioVersion = 10.0.40219.1
Project("{FAE04EC0-301F-11D3-BF4B-00C04F79EFBC}") = "Obecni_clone.Server", "Obecni_clone.Server\Obecni_clone.Server.csproj", "{8576AA8E-3058-4D1F-B64D-4577DA27878E}"
EndProject
Project("{54A90642-561A-4BB1-A94E-469ADEE60C69}") = "obecni_clone.client", "obecni_clone.client\obecni_clone.client.esproj", "{6BACF142-4E34-4194-99DC-2F832E19372C}"
EndProject
Global
	GlobalSection(SolutionConfigurationPlatforms) = preSolution
		Debug|Any CPU = Debug|Any CPU
		Release|Any CPU = Release|Any CPU
	EndGlobalSection
	GlobalSection(ProjectConfigurationPlatforms) = postSolution
		{8576AA8E-3058-4D1F-B64D-4577DA27878E}.Debug|Any CPU.ActiveCfg = Debug|Any CPU
		{8576AA8E-3058-4D1F-B64D-4577DA27878E}.Debug|Any CPU.Build.0 = Debug|Any CPU
		{8576AA8E-3058-4D1F-B64D-4577DA27878E}.Release|Any CPU.ActiveCfg = Release|Any CPU
		{8576AA8E-3058-4D1F-B64D-4577DA27878E}.Release|Any CPU.Build.0 = Release|Any CPU
		{6BACF142-4E34-4194-99DC-2F832E19372C}.Debug|Any CPU.ActiveCfg = Debug|Any CPU
		{6BACF142-4E34-4194-99DC-2F832E19372C}.Debug|Any CPU.Build.0 = Debug|Any CPU
		{6BACF142-4E34-4194-99DC-2F832E19372C}.Debug|Any CPU.Deploy.0 = Debug|Any CPU
		{6BACF142-4E34-4194-99DC-2F832E19372C}.Release|Any CPU.ActiveCfg = Release|Any CPU
		{6BACF142-4E34-4194-99DC-2F832E19372C}.Release|Any CPU.Build.0 = Release|Any CPU
		{6BACF142-4E34-4194-99DC-2F832E19372C}.Release|Any CPU.Deploy.0 = Release|Any CPU
	EndGlobalSection
	GlobalSection(SolutionProperties) = preSolution
		HideSolutionNode = FALSE
	EndGlobalSection
	GlobalSection(ExtensibilityGlobals) = postSolution
		SolutionGuid = {94275658-C359-480F-B560-9E40DDA7D896}
	EndGlobalSection
EndGlobal
